
Microsoft Visual Studio Solution File, Format Version 12.00
# Visual Studio Version 17
VisualStudioVersion = 17.2.32630.192
MinimumVisualStudioVersion = 10.0.40219.1
Project("{FAE04EC0-301F-11D3-BF4B-00C04F79EFBC}") = "CurrentMonthSundays", "CurrentMonthSundays\CurrentMonthSundays.csproj", "{80B61B9A-F4C7-47CD-863E-9EB4E2B10160}"
EndProject
Global
	GlobalSection(SolutionConfigurationPlatforms) = preSolution
		Debug|Any CPU = Debug|Any CPU
		Release|Any CPU = Release|Any CPU
	EndGlobalSection
	GlobalSection(ProjectConfigurationPlatforms) = postSolution
		{80B61B9A-F4C7-47CD-863E-9EB4E2B10160}.Debug|Any CPU.ActiveCfg = Debug|Any CPU
		{80B61B9A-F4C7-47CD-863E-9EB4E2B10160}.Debug|Any CPU.Build.0 = Debug|Any CPU
		{80B61B9A-F4C7-47CD-863E-9EB4E2B10160}.Release|Any CPU.ActiveCfg = Release|Any CPU
		{80B61B9A-F4C7-47CD-863E-9EB4E2B10160}.Release|Any CPU.Build.0 = Release|Any CPU
	EndGlobalSection
	GlobalSection(SolutionProperties) = preSolution
		HideSolutionNode = FALSE
	EndGlobalSection
	GlobalSection(ExtensibilityGlobals) = postSolution
		SolutionGuid = {A4882B62-258E-43F7-8DE0-DDB1046BF54A}
	EndGlobalSection
EndGlobal
